// !$*UTF8*$!
{
	archiveVersion = 1;
	classes = {
	};
	objectVersion = 46;
	objects = {

/* Begin PBXBuildFile section */
		27653BE814B761F7002E61AC /* Info.m in Sources */ = {isa = PBXBuildFile; fileRef = 27653BE714B761F7002E61AC /* Info.m */; };
		27CC4A9214B5FF4400058115 /* libCorePlot-CocoaTouch.a in Frameworks */ = {isa = PBXBuildFile; fileRef = 27CC4A9114B5FF4400058115 /* libCorePlot-CocoaTouch.a */; };
		27CC4A9514B602AA00058115 /* QuartzCore.framework in Frameworks */ = {isa = PBXBuildFile; fileRef = 27CC4A9414B602AA00058115 /* QuartzCore.framework */; };
		27CC4A9814B6040600058115 /* TUTSimpleScatterPlot.m in Sources */ = {isa = PBXBuildFile; fileRef = 27CC4A9714B6040600058115 /* TUTSimpleScatterPlot.m */; };
		538EBD5214ACBC140017B6F3 /* UIKit.framework in Frameworks */ = {isa = PBXBuildFile; fileRef = 538EBD5114ACBC140017B6F3 /* UIKit.framework */; };
		538EBD5414ACBC140017B6F3 /* Foundation.framework in Frameworks */ = {isa = PBXBuildFile; fileRef = 538EBD5314ACBC140017B6F3 /* Foundation.framework */; };
		538EBD5614ACBC140017B6F3 /* CoreGraphics.framework in Frameworks */ = {isa = PBXBuildFile; fileRef = 538EBD5514ACBC140017B6F3 /* CoreGraphics.framework */; };
		538EBD5C14ACBC140017B6F3 /* InfoPlist.strings in Resources */ = {isa = PBXBuildFile; fileRef = 538EBD5A14ACBC140017B6F3 /* InfoPlist.strings */; };
		538EBD5E14ACBC140017B6F3 /* main.m in Sources */ = {isa = PBXBuildFile; fileRef = 538EBD5D14ACBC140017B6F3 /* main.m */; };
		538EBD6214ACBC140017B6F3 /* AppDelegate.m in Sources */ = {isa = PBXBuildFile; fileRef = 538EBD6114ACBC140017B6F3 /* AppDelegate.m */; };
		538EBD6514ACBC140017B6F3 /* MainStoryboard.storyboard in Resources */ = {isa = PBXBuildFile; fileRef = 538EBD6314ACBC140017B6F3 /* MainStoryboard.storyboard */; };
		538EBD6814ACBC140017B6F3 /* FirstViewController.m in Sources */ = {isa = PBXBuildFile; fileRef = 538EBD6714ACBC140017B6F3 /* FirstViewController.m */; };
		538EBD6A14ACBC140017B6F3 /* first.png in Resources */ = {isa = PBXBuildFile; fileRef = 538EBD6914ACBC140017B6F3 /* first.png */; };
		538EBD6C14ACBC140017B6F3 /* first@2x.png in Resources */ = {isa = PBXBuildFile; fileRef = 538EBD6B14ACBC140017B6F3 /* first@2x.png */; };
		538EBD6F14ACBC140017B6F3 /* SecondViewController.m in Sources */ = {isa = PBXBuildFile; fileRef = 538EBD6E14ACBC140017B6F3 /* SecondViewController.m */; };
		538EBD7114ACBC140017B6F3 /* second.png in Resources */ = {isa = PBXBuildFile; fileRef = 538EBD7014ACBC140017B6F3 /* second.png */; };
		538EBD7314ACBC140017B6F3 /* second@2x.png in Resources */ = {isa = PBXBuildFile; fileRef = 538EBD7214ACBC140017B6F3 /* second@2x.png */; };
		5391D41414B60FBE0085D1A8 /* DatabaseActions.m in Sources */ = {isa = PBXBuildFile; fileRef = 5391D41314B60FBE0085D1A8 /* DatabaseActions.m */; };
		539D80FC14B9E443001BFFB2 /* stat(alpha).png in Resources */ = {isa = PBXBuildFile; fileRef = 539D80FB14B9E443001BFFB2 /* stat(alpha).png */; };
		53CAB08314ACE899003FE7E0 /* CoreLocation.framework in Frameworks */ = {isa = PBXBuildFile; fileRef = 53CAB08214ACE899003FE7E0 /* CoreLocation.framework */; };
		53CAB08614B34E54003FE7E0 /* skiboard.sqlite in Resources */ = {isa = PBXBuildFile; fileRef = 53CAB08514B34E54003FE7E0 /* skiboard.sqlite */; };
		53CAB08814B3507D003FE7E0 /* libsqlite3.0.dylib in Frameworks */ = {isa = PBXBuildFile; fileRef = 53CAB08714B3507D003FE7E0 /* libsqlite3.0.dylib */; };
		53CAB08F14B35B99003FE7E0 /* CoreMotion.framework in Frameworks */ = {isa = PBXBuildFile; fileRef = 53CAB08E14B35B99003FE7E0 /* CoreMotion.framework */; };
/* End PBXBuildFile section */

/* Begin PBXFileReference section */
		27653BE614B761F7002E61AC /* Info.h */ = {isa = PBXFileReference; fileEncoding = 4; lastKnownFileType = sourcecode.c.h; path = Info.h; sourceTree = "<group>"; };
		27653BE714B761F7002E61AC /* Info.m */ = {isa = PBXFileReference; fileEncoding = 4; lastKnownFileType = sourcecode.c.objc; path = Info.m; sourceTree = "<group>"; };
		27CC4A4214B5FF4400058115 /* _CPTConstraintsFixed.h */ = {isa = PBXFileReference; fileEncoding = 4; lastKnownFileType = sourcecode.c.h; path = _CPTConstraintsFixed.h; sourceTree = "<group>"; };
		27CC4A4314B5FF4400058115 /* _CPTConstraintsRelative.h */ = {isa = PBXFileReference; fileEncoding = 4; lastKnownFileType = sourcecode.c.h; path = _CPTConstraintsRelative.h; sourceTree = "<group>"; };
		27CC4A4414B5FF4400058115 /* _CPTDarkGradientTheme.h */ = {isa = PBXFileReference; fileEncoding = 4; lastKnownFileType = sourcecode.c.h; path = _CPTDarkGradientTheme.h; sourceTree = "<group>"; };
		27CC4A4514B5FF4400058115 /* _CPTFillColor.h */ = {isa = PBXFileReference; fileEncoding = 4; lastKnownFileType = sourcecode.c.h; path = _CPTFillColor.h; sourceTree = "<group>"; };
		27CC4A4614B5FF4400058115 /* _CPTFillGradient.h */ = {isa = PBXFileReference; fileEncoding = 4; lastKnownFileType = sourcecode.c.h; path = _CPTFillGradient.h; sourceTree = "<group>"; };
		27CC4A4714B5FF4400058115 /* _CPTFillImage.h */ = {isa = PBXFileReference; fileEncoding = 4; lastKnownFileType = sourcecode.c.h; path = _CPTFillImage.h; sourceTree = "<group>"; };
		27CC4A4814B5FF4400058115 /* _CPTPlainBlackTheme.h */ = {isa = PBXFileReference; fileEncoding = 4; lastKnownFileType = sourcecode.c.h; path = _CPTPlainBlackTheme.h; sourceTree = "<group>"; };
		27CC4A4914B5FF4400058115 /* _CPTPlainWhiteTheme.h */ = {isa = PBXFileReference; fileEncoding = 4; lastKnownFileType = sourcecode.c.h; path = _CPTPlainWhiteTheme.h; sourceTree = "<group>"; };
		27CC4A4A14B5FF4400058115 /* _CPTSlateTheme.h */ = {isa = PBXFileReference; fileEncoding = 4; lastKnownFileType = sourcecode.c.h; path = _CPTSlateTheme.h; sourceTree = "<group>"; };
		27CC4A4B14B5FF4400058115 /* _CPTStocksTheme.h */ = {isa = PBXFileReference; fileEncoding = 4; lastKnownFileType = sourcecode.c.h; path = _CPTStocksTheme.h; sourceTree = "<group>"; };
		27CC4A4C14B5FF4400058115 /* _CPTXYTheme.h */ = {isa = PBXFileReference; fileEncoding = 4; lastKnownFileType = sourcecode.c.h; path = _CPTXYTheme.h; sourceTree = "<group>"; };
		27CC4A4D14B5FF4400058115 /* CorePlot-CocoaTouch.h */ = {isa = PBXFileReference; fileEncoding = 4; lastKnownFileType = sourcecode.c.h; path = "CorePlot-CocoaTouch.h"; sourceTree = "<group>"; };
		27CC4A4E14B5FF4400058115 /* CPTAnnotation.h */ = {isa = PBXFileReference; fileEncoding = 4; lastKnownFileType = sourcecode.c.h; path = CPTAnnotation.h; sourceTree = "<group>"; };
		27CC4A4F14B5FF4400058115 /* CPTAnnotationHostLayer.h */ = {isa = PBXFileReference; fileEncoding = 4; lastKnownFileType = sourcecode.c.h; path = CPTAnnotationHostLayer.h; sourceTree = "<group>"; };
		27CC4A5014B5FF4400058115 /* CPTAxis.h */ = {isa = PBXFileReference; fileEncoding = 4; lastKnownFileType = sourcecode.c.h; path = CPTAxis.h; sourceTree = "<group>"; };
		27CC4A5114B5FF4400058115 /* CPTAxisLabel.h */ = {isa = PBXFileReference; fileEncoding = 4; lastKnownFileType = sourcecode.c.h; path = CPTAxisLabel.h; sourceTree = "<group>"; };
		27CC4A5214B5FF4400058115 /* CPTAxisLabelGroup.h */ = {isa = PBXFileReference; fileEncoding = 4; lastKnownFileType = sourcecode.c.h; path = CPTAxisLabelGroup.h; sourceTree = "<group>"; };
		27CC4A5314B5FF4400058115 /* CPTAxisSet.h */ = {isa = PBXFileReference; fileEncoding = 4; lastKnownFileType = sourcecode.c.h; path = CPTAxisSet.h; sourceTree = "<group>"; };
		27CC4A5414B5FF4400058115 /* CPTAxisTitle.h */ = {isa = PBXFileReference; fileEncoding = 4; lastKnownFileType = sourcecode.c.h; path = CPTAxisTitle.h; sourceTree = "<group>"; };
		27CC4A5514B5FF4400058115 /* CPTBarPlot.h */ = {isa = PBXFileReference; fileEncoding = 4; lastKnownFileType = sourcecode.c.h; path = CPTBarPlot.h; sourceTree = "<group>"; };
		27CC4A5614B5FF4400058115 /* CPTBorderedLayer.h */ = {isa = PBXFileReference; fileEncoding = 4; lastKnownFileType = sourcecode.c.h; path = CPTBorderedLayer.h; sourceTree = "<group>"; };
		27CC4A5714B5FF4400058115 /* CPTColor.h */ = {isa = PBXFileReference; fileEncoding = 4; lastKnownFileType = sourcecode.c.h; path = CPTColor.h; sourceTree = "<group>"; };
		27CC4A5814B5FF4400058115 /* CPTColorSpace.h */ = {isa = PBXFileReference; fileEncoding = 4; lastKnownFileType = sourcecode.c.h; path = CPTColorSpace.h; sourceTree = "<group>"; };
		27CC4A5914B5FF4400058115 /* CPTConstraints.h */ = {isa = PBXFileReference; fileEncoding = 4; lastKnownFileType = sourcecode.c.h; path = CPTConstraints.h; sourceTree = "<group>"; };
		27CC4A5A14B5FF4400058115 /* CPTDefinitions.h */ = {isa = PBXFileReference; fileEncoding = 4; lastKnownFileType = sourcecode.c.h; path = CPTDefinitions.h; sourceTree = "<group>"; };
		27CC4A5B14B5FF4400058115 /* CPTExceptions.h */ = {isa = PBXFileReference; fileEncoding = 4; lastKnownFileType = sourcecode.c.h; path = CPTExceptions.h; sourceTree = "<group>"; };
		27CC4A5C14B5FF4400058115 /* CPTFill.h */ = {isa = PBXFileReference; fileEncoding = 4; lastKnownFileType = sourcecode.c.h; path = CPTFill.h; sourceTree = "<group>"; };
		27CC4A5D14B5FF4400058115 /* CPTGradient.h */ = {isa = PBXFileReference; fileEncoding = 4; lastKnownFileType = sourcecode.c.h; path = CPTGradient.h; sourceTree = "<group>"; };
		27CC4A5E14B5FF4400058115 /* CPTGraph.h */ = {isa = PBXFileReference; fileEncoding = 4; lastKnownFileType = sourcecode.c.h; path = CPTGraph.h; sourceTree = "<group>"; };
		27CC4A5F14B5FF4400058115 /* CPTGraphHostingView.h */ = {isa = PBXFileReference; fileEncoding = 4; lastKnownFileType = sourcecode.c.h; path = CPTGraphHostingView.h; sourceTree = "<group>"; };
		27CC4A6014B5FF4400058115 /* CPTGridLineGroup.h */ = {isa = PBXFileReference; fileEncoding = 4; lastKnownFileType = sourcecode.c.h; path = CPTGridLineGroup.h; sourceTree = "<group>"; };
		27CC4A6114B5FF4400058115 /* CPTGridLines.h */ = {isa = PBXFileReference; fileEncoding = 4; lastKnownFileType = sourcecode.c.h; path = CPTGridLines.h; sourceTree = "<group>"; };
		27CC4A6214B5FF4400058115 /* CPTImage.h */ = {isa = PBXFileReference; fileEncoding = 4; lastKnownFileType = sourcecode.c.h; path = CPTImage.h; sourceTree = "<group>"; };
		27CC4A6314B5FF4400058115 /* CPTLayer.h */ = {isa = PBXFileReference; fileEncoding = 4; lastKnownFileType = sourcecode.c.h; path = CPTLayer.h; sourceTree = "<group>"; };
		27CC4A6414B5FF4400058115 /* CPTLayerAnnotation.h */ = {isa = PBXFileReference; fileEncoding = 4; lastKnownFileType = sourcecode.c.h; path = CPTLayerAnnotation.h; sourceTree = "<group>"; };
		27CC4A6514B5FF4400058115 /* CPTLegend.h */ = {isa = PBXFileReference; fileEncoding = 4; lastKnownFileType = sourcecode.c.h; path = CPTLegend.h; sourceTree = "<group>"; };
		27CC4A6614B5FF4400058115 /* CPTLegendEntry.h */ = {isa = PBXFileReference; fileEncoding = 4; lastKnownFileType = sourcecode.c.h; path = CPTLegendEntry.h; sourceTree = "<group>"; };
		27CC4A6714B5FF4400058115 /* CPTLimitBand.h */ = {isa = PBXFileReference; fileEncoding = 4; lastKnownFileType = sourcecode.c.h; path = CPTLimitBand.h; sourceTree = "<group>"; };
		27CC4A6814B5FF4400058115 /* CPTLineCap.h */ = {isa = PBXFileReference; fileEncoding = 4; lastKnownFileType = sourcecode.c.h; path = CPTLineCap.h; sourceTree = "<group>"; };
		27CC4A6914B5FF4400058115 /* CPTLineStyle.h */ = {isa = PBXFileReference; fileEncoding = 4; lastKnownFileType = sourcecode.c.h; path = CPTLineStyle.h; sourceTree = "<group>"; };
		27CC4A6A14B5FF4400058115 /* CPTMutableLineStyle.h */ = {isa = PBXFileReference; fileEncoding = 4; lastKnownFileType = sourcecode.c.h; path = CPTMutableLineStyle.h; sourceTree = "<group>"; };
		27CC4A6B14B5FF4400058115 /* CPTMutableNumericData+TypeConversion.h */ = {isa = PBXFileReference; fileEncoding = 4; lastKnownFileType = sourcecode.c.h; path = "CPTMutableNumericData+TypeConversion.h"; sourceTree = "<group>"; };
		27CC4A6C14B5FF4400058115 /* CPTMutableNumericData.h */ = {isa = PBXFileReference; fileEncoding = 4; lastKnownFileType = sourcecode.c.h; path = CPTMutableNumericData.h; sourceTree = "<group>"; };
		27CC4A6D14B5FF4400058115 /* CPTMutableShadow.h */ = {isa = PBXFileReference; fileEncoding = 4; lastKnownFileType = sourcecode.c.h; path = CPTMutableShadow.h; sourceTree = "<group>"; };
		27CC4A6E14B5FF4400058115 /* CPTMutableTextStyle.h */ = {isa = PBXFileReference; fileEncoding = 4; lastKnownFileType = sourcecode.c.h; path = CPTMutableTextStyle.h; sourceTree = "<group>"; };
		27CC4A6F14B5FF4400058115 /* CPTNumericData+TypeConversion.h */ = {isa = PBXFileReference; fileEncoding = 4; lastKnownFileType = sourcecode.c.h; path = "CPTNumericData+TypeConversion.h"; sourceTree = "<group>"; };
		27CC4A7014B5FF4400058115 /* CPTNumericData.h */ = {isa = PBXFileReference; fileEncoding = 4; lastKnownFileType = sourcecode.c.h; path = CPTNumericData.h; sourceTree = "<group>"; };
		27CC4A7114B5FF4400058115 /* CPTNumericDataType.h */ = {isa = PBXFileReference; fileEncoding = 4; lastKnownFileType = sourcecode.c.h; path = CPTNumericDataType.h; sourceTree = "<group>"; };
		27CC4A7214B5FF4400058115 /* CPTPathExtensions.h */ = {isa = PBXFileReference; fileEncoding = 4; lastKnownFileType = sourcecode.c.h; path = CPTPathExtensions.h; sourceTree = "<group>"; };
		27CC4A7314B5FF4400058115 /* CPTPieChart.h */ = {isa = PBXFileReference; fileEncoding = 4; lastKnownFileType = sourcecode.c.h; path = CPTPieChart.h; sourceTree = "<group>"; };
		27CC4A7414B5FF4400058115 /* CPTPlatformSpecificCategories.h */ = {isa = PBXFileReference; fileEncoding = 4; lastKnownFileType = sourcecode.c.h; path = CPTPlatformSpecificCategories.h; sourceTree = "<group>"; };
		27CC4A7514B5FF4400058115 /* CPTPlatformSpecificDefines.h */ = {isa = PBXFileReference; fileEncoding = 4; lastKnownFileType = sourcecode.c.h; path = CPTPlatformSpecificDefines.h; sourceTree = "<group>"; };
		27CC4A7614B5FF4400058115 /* CPTPlatformSpecificFunctions.h */ = {isa = PBXFileReference; fileEncoding = 4; lastKnownFileType = sourcecode.c.h; path = CPTPlatformSpecificFunctions.h; sourceTree = "<group>"; };
		27CC4A7714B5FF4400058115 /* CPTPlot.h */ = {isa = PBXFileReference; fileEncoding = 4; lastKnownFileType = sourcecode.c.h; path = CPTPlot.h; sourceTree = "<group>"; };
		27CC4A7814B5FF4400058115 /* CPTPlotArea.h */ = {isa = PBXFileReference; fileEncoding = 4; lastKnownFileType = sourcecode.c.h; path = CPTPlotArea.h; sourceTree = "<group>"; };
		27CC4A7914B5FF4400058115 /* CPTPlotAreaFrame.h */ = {isa = PBXFileReference; fileEncoding = 4; lastKnownFileType = sourcecode.c.h; path = CPTPlotAreaFrame.h; sourceTree = "<group>"; };
		27CC4A7A14B5FF4400058115 /* CPTPlotGroup.h */ = {isa = PBXFileReference; fileEncoding = 4; lastKnownFileType = sourcecode.c.h; path = CPTPlotGroup.h; sourceTree = "<group>"; };
		27CC4A7B14B5FF4400058115 /* CPTPlotRange.h */ = {isa = PBXFileReference; fileEncoding = 4; lastKnownFileType = sourcecode.c.h; path = CPTPlotRange.h; sourceTree = "<group>"; };
		27CC4A7C14B5FF4400058115 /* CPTPlotSpace.h */ = {isa = PBXFileReference; fileEncoding = 4; lastKnownFileType = sourcecode.c.h; path = CPTPlotSpace.h; sourceTree = "<group>"; };
		27CC4A7D14B5FF4400058115 /* CPTPlotSpaceAnnotation.h */ = {isa = PBXFileReference; fileEncoding = 4; lastKnownFileType = sourcecode.c.h; path = CPTPlotSpaceAnnotation.h; sourceTree = "<group>"; };
		27CC4A7E14B5FF4400058115 /* CPTPlotSymbol.h */ = {isa = PBXFileReference; fileEncoding = 4; lastKnownFileType = sourcecode.c.h; path = CPTPlotSymbol.h; sourceTree = "<group>"; };
		27CC4A7F14B5FF4400058115 /* CPTRangePlot.h */ = {isa = PBXFileReference; fileEncoding = 4; lastKnownFileType = sourcecode.c.h; path = CPTRangePlot.h; sourceTree = "<group>"; };
		27CC4A8014B5FF4400058115 /* CPTResponder.h */ = {isa = PBXFileReference; fileEncoding = 4; lastKnownFileType = sourcecode.c.h; path = CPTResponder.h; sourceTree = "<group>"; };
		27CC4A8114B5FF4400058115 /* CPTScatterPlot.h */ = {isa = PBXFileReference; fileEncoding = 4; lastKnownFileType = sourcecode.c.h; path = CPTScatterPlot.h; sourceTree = "<group>"; };
		27CC4A8214B5FF4400058115 /* CPTShadow.h */ = {isa = PBXFileReference; fileEncoding = 4; lastKnownFileType = sourcecode.c.h; path = CPTShadow.h; sourceTree = "<group>"; };
		27CC4A8314B5FF4400058115 /* CPTTextLayer.h */ = {isa = PBXFileReference; fileEncoding = 4; lastKnownFileType = sourcecode.c.h; path = CPTTextLayer.h; sourceTree = "<group>"; };
		27CC4A8414B5FF4400058115 /* CPTTextStyle.h */ = {isa = PBXFileReference; fileEncoding = 4; lastKnownFileType = sourcecode.c.h; path = CPTTextStyle.h; sourceTree = "<group>"; };
		27CC4A8514B5FF4400058115 /* CPTTheme.h */ = {isa = PBXFileReference; fileEncoding = 4; lastKnownFileType = sourcecode.c.h; path = CPTTheme.h; sourceTree = "<group>"; };
		27CC4A8614B5FF4400058115 /* CPTTimeFormatter.h */ = {isa = PBXFileReference; fileEncoding = 4; lastKnownFileType = sourcecode.c.h; path = CPTTimeFormatter.h; sourceTree = "<group>"; };
		27CC4A8714B5FF4400058115 /* CPTTradingRangePlot.h */ = {isa = PBXFileReference; fileEncoding = 4; lastKnownFileType = sourcecode.c.h; path = CPTTradingRangePlot.h; sourceTree = "<group>"; };
		27CC4A8814B5FF4400058115 /* CPTUtilities.h */ = {isa = PBXFileReference; fileEncoding = 4; lastKnownFileType = sourcecode.c.h; path = CPTUtilities.h; sourceTree = "<group>"; };
		27CC4A8914B5FF4400058115 /* CPTXYAxis.h */ = {isa = PBXFileReference; fileEncoding = 4; lastKnownFileType = sourcecode.c.h; path = CPTXYAxis.h; sourceTree = "<group>"; };
		27CC4A8A14B5FF4400058115 /* CPTXYAxisSet.h */ = {isa = PBXFileReference; fileEncoding = 4; lastKnownFileType = sourcecode.c.h; path = CPTXYAxisSet.h; sourceTree = "<group>"; };
		27CC4A8B14B5FF4400058115 /* CPTXYGraph.h */ = {isa = PBXFileReference; fileEncoding = 4; lastKnownFileType = sourcecode.c.h; path = CPTXYGraph.h; sourceTree = "<group>"; };
		27CC4A8C14B5FF4400058115 /* CPTXYPlotSpace.h */ = {isa = PBXFileReference; fileEncoding = 4; lastKnownFileType = sourcecode.c.h; path = CPTXYPlotSpace.h; sourceTree = "<group>"; };
		27CC4A8D14B5FF4400058115 /* NSCoderExtensions.h */ = {isa = PBXFileReference; fileEncoding = 4; lastKnownFileType = sourcecode.c.h; path = NSCoderExtensions.h; sourceTree = "<group>"; };
		27CC4A8E14B5FF4400058115 /* NSDecimalNumberExtensions.h */ = {isa = PBXFileReference; fileEncoding = 4; lastKnownFileType = sourcecode.c.h; path = NSDecimalNumberExtensions.h; sourceTree = "<group>"; };
		27CC4A8F14B5FF4400058115 /* NSExceptionExtensions.h */ = {isa = PBXFileReference; fileEncoding = 4; lastKnownFileType = sourcecode.c.h; path = NSExceptionExtensions.h; sourceTree = "<group>"; };
		27CC4A9014B5FF4400058115 /* NSNumberExtensions.h */ = {isa = PBXFileReference; fileEncoding = 4; lastKnownFileType = sourcecode.c.h; path = NSNumberExtensions.h; sourceTree = "<group>"; };
		27CC4A9114B5FF4400058115 /* libCorePlot-CocoaTouch.a */ = {isa = PBXFileReference; lastKnownFileType = archive.ar; path = "libCorePlot-CocoaTouch.a"; sourceTree = "<group>"; };
		27CC4A9414B602AA00058115 /* QuartzCore.framework */ = {isa = PBXFileReference; lastKnownFileType = wrapper.framework; name = QuartzCore.framework; path = System/Library/Frameworks/QuartzCore.framework; sourceTree = SDKROOT; };
		27CC4A9614B6040600058115 /* TUTSimpleScatterPlot.h */ = {isa = PBXFileReference; fileEncoding = 4; lastKnownFileType = sourcecode.c.h; path = TUTSimpleScatterPlot.h; sourceTree = "<group>"; };
		27CC4A9714B6040600058115 /* TUTSimpleScatterPlot.m */ = {isa = PBXFileReference; fileEncoding = 4; lastKnownFileType = sourcecode.c.objc; path = TUTSimpleScatterPlot.m; sourceTree = "<group>"; };
		538EBD4D14ACBC140017B6F3 /* SkiBoard.app */ = {isa = PBXFileReference; explicitFileType = wrapper.application; includeInIndex = 0; path = SkiBoard.app; sourceTree = BUILT_PRODUCTS_DIR; };
		538EBD5114ACBC140017B6F3 /* UIKit.framework */ = {isa = PBXFileReference; lastKnownFileType = wrapper.framework; name = UIKit.framework; path = System/Library/Frameworks/UIKit.framework; sourceTree = SDKROOT; };
		538EBD5314ACBC140017B6F3 /* Foundation.framework */ = {isa = PBXFileReference; lastKnownFileType = wrapper.framework; name = Foundation.framework; path = System/Library/Frameworks/Foundation.framework; sourceTree = SDKROOT; };
		538EBD5514ACBC140017B6F3 /* CoreGraphics.framework */ = {isa = PBXFileReference; lastKnownFileType = wrapper.framework; name = CoreGraphics.framework; path = System/Library/Frameworks/CoreGraphics.framework; sourceTree = SDKROOT; };
		538EBD5914ACBC140017B6F3 /* SkiBoard-Info.plist */ = {isa = PBXFileReference; lastKnownFileType = text.plist.xml; path = "SkiBoard-Info.plist"; sourceTree = "<group>"; };
		538EBD5B14ACBC140017B6F3 /* en */ = {isa = PBXFileReference; lastKnownFileType = text.plist.strings; name = en; path = en.lproj/InfoPlist.strings; sourceTree = "<group>"; };
		538EBD5D14ACBC140017B6F3 /* main.m */ = {isa = PBXFileReference; lastKnownFileType = sourcecode.c.objc; path = main.m; sourceTree = "<group>"; };
		538EBD5F14ACBC140017B6F3 /* SkiBoard-Prefix.pch */ = {isa = PBXFileReference; lastKnownFileType = sourcecode.c.h; path = "SkiBoard-Prefix.pch"; sourceTree = "<group>"; };
		538EBD6014ACBC140017B6F3 /* AppDelegate.h */ = {isa = PBXFileReference; lastKnownFileType = sourcecode.c.h; path = AppDelegate.h; sourceTree = "<group>"; };
		538EBD6114ACBC140017B6F3 /* AppDelegate.m */ = {isa = PBXFileReference; lastKnownFileType = sourcecode.c.objc; path = AppDelegate.m; sourceTree = "<group>"; };
		538EBD6414ACBC140017B6F3 /* en */ = {isa = PBXFileReference; lastKnownFileType = file.storyboard; name = en; path = en.lproj/MainStoryboard.storyboard; sourceTree = "<group>"; };
		538EBD6614ACBC140017B6F3 /* FirstViewController.h */ = {isa = PBXFileReference; lastKnownFileType = sourcecode.c.h; path = FirstViewController.h; sourceTree = "<group>"; };
		538EBD6714ACBC140017B6F3 /* FirstViewController.m */ = {isa = PBXFileReference; lastKnownFileType = sourcecode.c.objc; path = FirstViewController.m; sourceTree = "<group>"; };
		538EBD6914ACBC140017B6F3 /* first.png */ = {isa = PBXFileReference; lastKnownFileType = image.png; path = first.png; sourceTree = "<group>"; };
		538EBD6B14ACBC140017B6F3 /* first@2x.png */ = {isa = PBXFileReference; lastKnownFileType = image.png; path = "first@2x.png"; sourceTree = "<group>"; };
		538EBD6D14ACBC140017B6F3 /* SecondViewController.h */ = {isa = PBXFileReference; lastKnownFileType = sourcecode.c.h; path = SecondViewController.h; sourceTree = "<group>"; };
		538EBD6E14ACBC140017B6F3 /* SecondViewController.m */ = {isa = PBXFileReference; lastKnownFileType = sourcecode.c.objc; path = SecondViewController.m; sourceTree = "<group>"; };
		538EBD7014ACBC140017B6F3 /* second.png */ = {isa = PBXFileReference; lastKnownFileType = image.png; path = second.png; sourceTree = "<group>"; };
		538EBD7214ACBC140017B6F3 /* second@2x.png */ = {isa = PBXFileReference; lastKnownFileType = image.png; path = "second@2x.png"; sourceTree = "<group>"; };
		5391D41214B60FBE0085D1A8 /* DatabaseActions.h */ = {isa = PBXFileReference; fileEncoding = 4; lastKnownFileType = sourcecode.c.h; path = DatabaseActions.h; sourceTree = "<group>"; };
		5391D41314B60FBE0085D1A8 /* DatabaseActions.m */ = {isa = PBXFileReference; fileEncoding = 4; lastKnownFileType = sourcecode.c.objc; path = DatabaseActions.m; sourceTree = "<group>"; };
		539D80FB14B9E443001BFFB2 /* stat(alpha).png */ = {isa = PBXFileReference; lastKnownFileType = image.png; name = "stat(alpha).png"; path = "Design/stat(alpha).png"; sourceTree = "<group>"; };
		53CAB08214ACE899003FE7E0 /* CoreLocation.framework */ = {isa = PBXFileReference; lastKnownFileType = wrapper.framework; name = CoreLocation.framework; path = System/Library/Frameworks/CoreLocation.framework; sourceTree = SDKROOT; };
		53CAB08514B34E54003FE7E0 /* skiboard.sqlite */ = {isa = PBXFileReference; lastKnownFileType = file; path = skiboard.sqlite; sourceTree = SOURCE_ROOT; };
		53CAB08714B3507D003FE7E0 /* libsqlite3.0.dylib */ = {isa = PBXFileReference; lastKnownFileType = "compiled.mach-o.dylib"; name = libsqlite3.0.dylib; path = usr/lib/libsqlite3.0.dylib; sourceTree = SDKROOT; };
		53CAB08E14B35B99003FE7E0 /* CoreMotion.framework */ = {isa = PBXFileReference; lastKnownFileType = wrapper.framework; name = CoreMotion.framework; path = System/Library/Frameworks/CoreMotion.framework; sourceTree = SDKROOT; };
/* End PBXFileReference section */

/* Begin PBXFrameworksBuildPhase section */
		538EBD4A14ACBC140017B6F3 /* Frameworks */ = {
			isa = PBXFrameworksBuildPhase;
			buildActionMask = 2147483647;
			files = (
				27CC4A9514B602AA00058115 /* QuartzCore.framework in Frameworks */,
				53CAB08F14B35B99003FE7E0 /* CoreMotion.framework in Frameworks */,
				53CAB08814B3507D003FE7E0 /* libsqlite3.0.dylib in Frameworks */,
				53CAB08314ACE899003FE7E0 /* CoreLocation.framework in Frameworks */,
				538EBD5214ACBC140017B6F3 /* UIKit.framework in Frameworks */,
				538EBD5414ACBC140017B6F3 /* Foundation.framework in Frameworks */,
				538EBD5614ACBC140017B6F3 /* CoreGraphics.framework in Frameworks */,
				27CC4A9214B5FF4400058115 /* libCorePlot-CocoaTouch.a in Frameworks */,
			);
			runOnlyForDeploymentPostprocessing = 0;
		};
/* End PBXFrameworksBuildPhase section */

/* Begin PBXGroup section */
		27CC4A3F14B5FF4400058115 /* Libs */ = {
			isa = PBXGroup;
			children = (
				27CC4A4014B5FF4400058115 /* CorePlot */,
			);
			path = Libs;
			sourceTree = "<group>";
		};
		27CC4A4014B5FF4400058115 /* CorePlot */ = {
			isa = PBXGroup;
			children = (
				27CC4A4114B5FF4400058115 /* CorePlotHeaders */,
				27CC4A9114B5FF4400058115 /* libCorePlot-CocoaTouch.a */,
			);
			path = CorePlot;
			sourceTree = "<group>";
		};
		27CC4A4114B5FF4400058115 /* CorePlotHeaders */ = {
			isa = PBXGroup;
			children = (
				27CC4A4214B5FF4400058115 /* _CPTConstraintsFixed.h */,
				27CC4A4314B5FF4400058115 /* _CPTConstraintsRelative.h */,
				27CC4A4414B5FF4400058115 /* _CPTDarkGradientTheme.h */,
				27CC4A4514B5FF4400058115 /* _CPTFillColor.h */,
				27CC4A4614B5FF4400058115 /* _CPTFillGradient.h */,
				27CC4A4714B5FF4400058115 /* _CPTFillImage.h */,
				27CC4A4814B5FF4400058115 /* _CPTPlainBlackTheme.h */,
				27CC4A4914B5FF4400058115 /* _CPTPlainWhiteTheme.h */,
				27CC4A4A14B5FF4400058115 /* _CPTSlateTheme.h */,
				27CC4A4B14B5FF4400058115 /* _CPTStocksTheme.h */,
				27CC4A4C14B5FF4400058115 /* _CPTXYTheme.h */,
				27CC4A4D14B5FF4400058115 /* CorePlot-CocoaTouch.h */,
				27CC4A4E14B5FF4400058115 /* CPTAnnotation.h */,
				27CC4A4F14B5FF4400058115 /* CPTAnnotationHostLayer.h */,
				27CC4A5014B5FF4400058115 /* CPTAxis.h */,
				27CC4A5114B5FF4400058115 /* CPTAxisLabel.h */,
				27CC4A5214B5FF4400058115 /* CPTAxisLabelGroup.h */,
				27CC4A5314B5FF4400058115 /* CPTAxisSet.h */,
				27CC4A5414B5FF4400058115 /* CPTAxisTitle.h */,
				27CC4A5514B5FF4400058115 /* CPTBarPlot.h */,
				27CC4A5614B5FF4400058115 /* CPTBorderedLayer.h */,
				27CC4A5714B5FF4400058115 /* CPTColor.h */,
				27CC4A5814B5FF4400058115 /* CPTColorSpace.h */,
				27CC4A5914B5FF4400058115 /* CPTConstraints.h */,
				27CC4A5A14B5FF4400058115 /* CPTDefinitions.h */,
				27CC4A5B14B5FF4400058115 /* CPTExceptions.h */,
				27CC4A5C14B5FF4400058115 /* CPTFill.h */,
				27CC4A5D14B5FF4400058115 /* CPTGradient.h */,
				27CC4A5E14B5FF4400058115 /* CPTGraph.h */,
				27CC4A5F14B5FF4400058115 /* CPTGraphHostingView.h */,
				27CC4A6014B5FF4400058115 /* CPTGridLineGroup.h */,
				27CC4A6114B5FF4400058115 /* CPTGridLines.h */,
				27CC4A6214B5FF4400058115 /* CPTImage.h */,
				27CC4A6314B5FF4400058115 /* CPTLayer.h */,
				27CC4A6414B5FF4400058115 /* CPTLayerAnnotation.h */,
				27CC4A6514B5FF4400058115 /* CPTLegend.h */,
				27CC4A6614B5FF4400058115 /* CPTLegendEntry.h */,
				27CC4A6714B5FF4400058115 /* CPTLimitBand.h */,
				27CC4A6814B5FF4400058115 /* CPTLineCap.h */,
				27CC4A6914B5FF4400058115 /* CPTLineStyle.h */,
				27CC4A6A14B5FF4400058115 /* CPTMutableLineStyle.h */,
				27CC4A6B14B5FF4400058115 /* CPTMutableNumericData+TypeConversion.h */,
				27CC4A6C14B5FF4400058115 /* CPTMutableNumericData.h */,
				27CC4A6D14B5FF4400058115 /* CPTMutableShadow.h */,
				27CC4A6E14B5FF4400058115 /* CPTMutableTextStyle.h */,
				27CC4A6F14B5FF4400058115 /* CPTNumericData+TypeConversion.h */,
				27CC4A7014B5FF4400058115 /* CPTNumericData.h */,
				27CC4A7114B5FF4400058115 /* CPTNumericDataType.h */,
				27CC4A7214B5FF4400058115 /* CPTPathExtensions.h */,
				27CC4A7314B5FF4400058115 /* CPTPieChart.h */,
				27CC4A7414B5FF4400058115 /* CPTPlatformSpecificCategories.h */,
				27CC4A7514B5FF4400058115 /* CPTPlatformSpecificDefines.h */,
				27CC4A7614B5FF4400058115 /* CPTPlatformSpecificFunctions.h */,
				27CC4A7714B5FF4400058115 /* CPTPlot.h */,
				27CC4A7814B5FF4400058115 /* CPTPlotArea.h */,
				27CC4A7914B5FF4400058115 /* CPTPlotAreaFrame.h */,
				27CC4A7A14B5FF4400058115 /* CPTPlotGroup.h */,
				27CC4A7B14B5FF4400058115 /* CPTPlotRange.h */,
				27CC4A7C14B5FF4400058115 /* CPTPlotSpace.h */,
				27CC4A7D14B5FF4400058115 /* CPTPlotSpaceAnnotation.h */,
				27CC4A7E14B5FF4400058115 /* CPTPlotSymbol.h */,
				27CC4A7F14B5FF4400058115 /* CPTRangePlot.h */,
				27CC4A8014B5FF4400058115 /* CPTResponder.h */,
				27CC4A8114B5FF4400058115 /* CPTScatterPlot.h */,
				27CC4A8214B5FF4400058115 /* CPTShadow.h */,
				27CC4A8314B5FF4400058115 /* CPTTextLayer.h */,
				27CC4A8414B5FF4400058115 /* CPTTextStyle.h */,
				27CC4A8514B5FF4400058115 /* CPTTheme.h */,
				27CC4A8614B5FF4400058115 /* CPTTimeFormatter.h */,
				27CC4A8714B5FF4400058115 /* CPTTradingRangePlot.h */,
				27CC4A8814B5FF4400058115 /* CPTUtilities.h */,
				27CC4A8914B5FF4400058115 /* CPTXYAxis.h */,
				27CC4A8A14B5FF4400058115 /* CPTXYAxisSet.h */,
				27CC4A8B14B5FF4400058115 /* CPTXYGraph.h */,
				27CC4A8C14B5FF4400058115 /* CPTXYPlotSpace.h */,
				27CC4A8D14B5FF4400058115 /* NSCoderExtensions.h */,
				27CC4A8E14B5FF4400058115 /* NSDecimalNumberExtensions.h */,
				27CC4A8F14B5FF4400058115 /* NSExceptionExtensions.h */,
				27CC4A9014B5FF4400058115 /* NSNumberExtensions.h */,
			);
			path = CorePlotHeaders;
			sourceTree = "<group>";
		};
		538EBD4214ACBC140017B6F3 = {
			isa = PBXGroup;
			children = (
				27CC4A9414B602AA00058115 /* QuartzCore.framework */,
				27CC4A3F14B5FF4400058115 /* Libs */,
				538EBD5714ACBC140017B6F3 /* SkiBoard */,
				538EBD5014ACBC140017B6F3 /* Frameworks */,
				538EBD4E14ACBC140017B6F3 /* Products */,
			);
			sourceTree = "<group>";
		};
		538EBD4E14ACBC140017B6F3 /* Products */ = {
			isa = PBXGroup;
			children = (
				538EBD4D14ACBC140017B6F3 /* SkiBoard.app */,
			);
			name = Products;
			sourceTree = "<group>";
		};
		538EBD5014ACBC140017B6F3 /* Frameworks */ = {
			isa = PBXGroup;
			children = (
				53CAB08E14B35B99003FE7E0 /* CoreMotion.framework */,
				53CAB08214ACE899003FE7E0 /* CoreLocation.framework */,
				538EBD5114ACBC140017B6F3 /* UIKit.framework */,
				538EBD5314ACBC140017B6F3 /* Foundation.framework */,
				538EBD5514ACBC140017B6F3 /* CoreGraphics.framework */,
			);
			name = Frameworks;
			sourceTree = "<group>";
		};
		538EBD5714ACBC140017B6F3 /* SkiBoard */ = {
			isa = PBXGroup;
			children = (
				539D80F914B9E416001BFFB2 /* Design */,
				53CAB08414B34E38003FE7E0 /* DataBase */,
				538EBD6014ACBC140017B6F3 /* AppDelegate.h */,
				538EBD6114ACBC140017B6F3 /* AppDelegate.m */,
				538EBD6314ACBC140017B6F3 /* MainStoryboard.storyboard */,
				538EBD6614ACBC140017B6F3 /* FirstViewController.h */,
				538EBD6714ACBC140017B6F3 /* FirstViewController.m */,
				538EBD6914ACBC140017B6F3 /* first.png */,
				538EBD6B14ACBC140017B6F3 /* first@2x.png */,
				27CC4A9614B6040600058115 /* TUTSimpleScatterPlot.h */,
				27CC4A9714B6040600058115 /* TUTSimpleScatterPlot.m */,
				538EBD6D14ACBC140017B6F3 /* SecondViewController.h */,
				538EBD6E14ACBC140017B6F3 /* SecondViewController.m */,
				538EBD7014ACBC140017B6F3 /* second.png */,
				538EBD7214ACBC140017B6F3 /* second@2x.png */,
				538EBD5814ACBC140017B6F3 /* Supporting Files */,
			);
			path = SkiBoard;
			sourceTree = "<group>";
		};
		538EBD5814ACBC140017B6F3 /* Supporting Files */ = {
			isa = PBXGroup;
			children = (
				538EBD5914ACBC140017B6F3 /* SkiBoard-Info.plist */,
				538EBD5A14ACBC140017B6F3 /* InfoPlist.strings */,
				538EBD5D14ACBC140017B6F3 /* main.m */,
				538EBD5F14ACBC140017B6F3 /* SkiBoard-Prefix.pch */,
			);
			name = "Supporting Files";
			sourceTree = "<group>";
		};
		539D80F914B9E416001BFFB2 /* Design */ = {
			isa = PBXGroup;
			children = (
				539D80FB14B9E443001BFFB2 /* stat(alpha).png */,
			);
			name = Design;
			sourceTree = "<group>";
		};
		53CAB08414B34E38003FE7E0 /* DataBase */ = {
			isa = PBXGroup;
			children = (
				53CAB08714B3507D003FE7E0 /* libsqlite3.0.dylib */,
				53CAB08514B34E54003FE7E0 /* skiboard.sqlite */,
				5391D41214B60FBE0085D1A8 /* DatabaseActions.h */,
				5391D41314B60FBE0085D1A8 /* DatabaseActions.m */,
				27653BE614B761F7002E61AC /* Info.h */,
				27653BE714B761F7002E61AC /* Info.m */,
			);
			name = DataBase;
			sourceTree = "<group>";
		};
/* End PBXGroup section */

/* Begin PBXNativeTarget section */
		538EBD4C14ACBC140017B6F3 /* SkiBoard */ = {
			isa = PBXNativeTarget;
			buildConfigurationList = 538EBD7614ACBC140017B6F3 /* Build configuration list for PBXNativeTarget "SkiBoard" */;
			buildPhases = (
				538EBD4914ACBC140017B6F3 /* Sources */,
				538EBD4A14ACBC140017B6F3 /* Frameworks */,
				538EBD4B14ACBC140017B6F3 /* Resources */,
			);
			buildRules = (
			);
			dependencies = (
			);
			name = SkiBoard;
			productName = SkiBoard;
			productReference = 538EBD4D14ACBC140017B6F3 /* SkiBoard.app */;
			productType = "com.apple.product-type.application";
		};
/* End PBXNativeTarget section */

/* Begin PBXProject section */
		538EBD4414ACBC140017B6F3 /* Project object */ = {
			isa = PBXProject;
			attributes = {
				LastUpgradeCheck = 0420;
			};
			buildConfigurationList = 538EBD4714ACBC140017B6F3 /* Build configuration list for PBXProject "SkiBoard" */;
			compatibilityVersion = "Xcode 3.2";
			developmentRegion = English;
			hasScannedForEncodings = 0;
			knownRegions = (
				en,
			);
			mainGroup = 538EBD4214ACBC140017B6F3;
			productRefGroup = 538EBD4E14ACBC140017B6F3 /* Products */;
			projectDirPath = "";
			projectRoot = "";
			targets = (
				538EBD4C14ACBC140017B6F3 /* SkiBoard */,
			);
		};
/* End PBXProject section */

/* Begin PBXResourcesBuildPhase section */
		538EBD4B14ACBC140017B6F3 /* Resources */ = {
			isa = PBXResourcesBuildPhase;
			buildActionMask = 2147483647;
			files = (
				538EBD5C14ACBC140017B6F3 /* InfoPlist.strings in Resources */,
				538EBD6514ACBC140017B6F3 /* MainStoryboard.storyboard in Resources */,
				538EBD6A14ACBC140017B6F3 /* first.png in Resources */,
				538EBD6C14ACBC140017B6F3 /* first@2x.png in Resources */,
				538EBD7114ACBC140017B6F3 /* second.png in Resources */,
				538EBD7314ACBC140017B6F3 /* second@2x.png in Resources */,
				53CAB08614B34E54003FE7E0 /* skiboard.sqlite in Resources */,
				539D80FC14B9E443001BFFB2 /* stat(alpha).png in Resources */,
			);
			runOnlyForDeploymentPostprocessing = 0;
		};
/* End PBXResourcesBuildPhase section */

/* Begin PBXSourcesBuildPhase section */
		538EBD4914ACBC140017B6F3 /* Sources */ = {
			isa = PBXSourcesBuildPhase;
			buildActionMask = 2147483647;
			files = (
				538EBD5E14ACBC140017B6F3 /* main.m in Sources */,
				538EBD6214ACBC140017B6F3 /* AppDelegate.m in Sources */,
				538EBD6814ACBC140017B6F3 /* FirstViewController.m in Sources */,
				538EBD6F14ACBC140017B6F3 /* SecondViewController.m in Sources */,
				5391D41414B60FBE0085D1A8 /* DatabaseActions.m in Sources */,
				27CC4A9814B6040600058115 /* TUTSimpleScatterPlot.m in Sources */,
				27653BE814B761F7002E61AC /* Info.m in Sources */,
			);
			runOnlyForDeploymentPostprocessing = 0;
		};
/* End PBXSourcesBuildPhase section */

/* Begin PBXVariantGroup section */
		538EBD5A14ACBC140017B6F3 /* InfoPlist.strings */ = {
			isa = PBXVariantGroup;
			children = (
				538EBD5B14ACBC140017B6F3 /* en */,
			);
			name = InfoPlist.strings;
			sourceTree = "<group>";
		};
		538EBD6314ACBC140017B6F3 /* MainStoryboard.storyboard */ = {
			isa = PBXVariantGroup;
			children = (
				538EBD6414ACBC140017B6F3 /* en */,
			);
			name = MainStoryboard.storyboard;
			sourceTree = "<group>";
		};
/* End PBXVariantGroup section */

/* Begin XCBuildConfiguration section */
		538EBD7414ACBC140017B6F3 /* Debug */ = {
			isa = XCBuildConfiguration;
			buildSettings = {
				ALWAYS_SEARCH_USER_PATHS = NO;
				ARCHS = "$(ARCHS_STANDARD_32_BIT)";
				CLANG_ENABLE_OBJC_ARC = NO;
				"CODE_SIGN_IDENTITY[sdk=iphoneos*]" = "iPhone Developer";
				COPY_PHASE_STRIP = NO;
				GCC_C_LANGUAGE_STANDARD = gnu99;
				GCC_DYNAMIC_NO_PIC = NO;
				GCC_OPTIMIZATION_LEVEL = 0;
				GCC_PREPROCESSOR_DEFINITIONS = (
					"DEBUG=1",
					"$(inherited)",
				);
				GCC_SYMBOLS_PRIVATE_EXTERN = NO;
				GCC_VERSION = com.apple.compilers.llvm.clang.1_0;
				GCC_WARN_ABOUT_MISSING_PROTOTYPES = YES;
				GCC_WARN_ABOUT_RETURN_TYPE = YES;
				GCC_WARN_UNUSED_VARIABLE = YES;
				IPHONEOS_DEPLOYMENT_TARGET = 5.0;
				OTHER_LDFLAGS = (
					"-ObjC",
					"-all_load",
				);
				SDKROOT = iphoneos;
			};
			name = Debug;
		};
		538EBD7514ACBC140017B6F3 /* Release */ = {
			isa = XCBuildConfiguration;
			buildSettings = {
				ALWAYS_SEARCH_USER_PATHS = NO;
				ARCHS = "$(ARCHS_STANDARD_32_BIT)";
				CLANG_ENABLE_OBJC_ARC = NO;
				"CODE_SIGN_IDENTITY[sdk=iphoneos*]" = "iPhone Developer";
				COPY_PHASE_STRIP = YES;
				GCC_C_LANGUAGE_STANDARD = gnu99;
				GCC_VERSION = com.apple.compilers.llvm.clang.1_0;
				GCC_WARN_ABOUT_MISSING_PROTOTYPES = YES;
				GCC_WARN_ABOUT_RETURN_TYPE = YES;
				GCC_WARN_UNUSED_VARIABLE = YES;
				IPHONEOS_DEPLOYMENT_TARGET = 5.0;
				OTHER_CFLAGS = "-DNS_BLOCK_ASSERTIONS=1";
				OTHER_LDFLAGS = (
					"-ObjC",
					"-all_load",
				);
				SDKROOT = iphoneos;
				VALIDATE_PRODUCT = YES;
			};
			name = Release;
		};
		538EBD7714ACBC140017B6F3 /* Debug */ = {
			isa = XCBuildConfiguration;
			buildSettings = {
				GCC_PRECOMPILE_PREFIX_HEADER = YES;
				GCC_PREFIX_HEADER = "SkiBoard/SkiBoard-Prefix.pch";
				INFOPLIST_FILE = "SkiBoard/SkiBoard-Info.plist";
				IPHONEOS_DEPLOYMENT_TARGET = 5.0;
				LIBRARY_SEARCH_PATHS = (
					"$(inherited)",
					"\"$(SRCROOT)/Libs/CorePlot\"",
				);
				PRODUCT_NAME = "$(TARGET_NAME)";
				SDKROOT = iphoneos;
				TARGETED_DEVICE_FAMILY = 1;
				WRAPPER_EXTENSION = app;
			};
			name = Debug;
		};
		538EBD7814ACBC140017B6F3 /* Release */ = {
			isa = XCBuildConfiguration;
			buildSettings = {
				GCC_PRECOMPILE_PREFIX_HEADER = YES;
				GCC_PREFIX_HEADER = "SkiBoard/SkiBoard-Prefix.pch";
				INFOPLIST_FILE = "SkiBoard/SkiBoard-Info.plist";
				IPHONEOS_DEPLOYMENT_TARGET = 5.0;
				LIBRARY_SEARCH_PATHS = (
					"$(inherited)",
					"\"$(SRCROOT)/Libs/CorePlot\"",
				);
				PRODUCT_NAME = "$(TARGET_NAME)";
				SDKROOT = iphoneos;
				TARGETED_DEVICE_FAMILY = 1;
				WRAPPER_EXTENSION = app;
			};
			name = Release;
		};
/* End XCBuildConfiguration section */

/* Begin XCConfigurationList section */
		538EBD4714ACBC140017B6F3 /* Build configuration list for PBXProject "SkiBoard" */ = {
			isa = XCConfigurationList;
			buildConfigurations = (
				538EBD7414ACBC140017B6F3 /* Debug */,
				538EBD7514ACBC140017B6F3 /* Release */,
			);
			defaultConfigurationIsVisible = 0;
			defaultConfigurationName = Release;
		};
		538EBD7614ACBC140017B6F3 /* Build configuration list for PBXNativeTarget "SkiBoard" */ = {
			isa = XCConfigurationList;
			buildConfigurations = (
				538EBD7714ACBC140017B6F3 /* Debug */,
				538EBD7814ACBC140017B6F3 /* Release */,
			);
			defaultConfigurationIsVisible = 0;
			defaultConfigurationName = Release;
		};
/* End XCConfigurationList section */
	};
	rootObject = 538EBD4414ACBC140017B6F3 /* Project object */;
}
